{
  "name": "aztec-ui",
  "version": "0.0.5",
  "lockfileVersion": 1,
  "requires": true,
  "dependencies": {
    "@stencil/core": {
      "version": "2.6.0",
      "resolved": "https://bnpm.byted.org/@stencil/core/-/@stencil/core-2.6.0.tgz",
      "integrity": "sha1-KdqW2Lb8g+aJufKX7z6LWbkKZ2o="
    },
    "@stencil/stylus": {
      "version": "1.0.1",
      "resolved": "https://bnpm.byted.org/@stencil/stylus/-/@stencil/stylus-1.0.1.tgz",
      "integrity": "sha1-vVpTsHhy83gM2T06GwYeIRi8nOo=",
      "requires": {
        "stylus": "0.54.8"
      }
    },
    "@types/node": {
      "version": "15.12.5",
      "resolved": "https://bnpm.byted.org/@types/node/-/@types/node-15.12.5.tgz",
      "integrity": "sha1-mngxikXXXJUj0jlhMb08ylSy0YU=",
      "dev": true
    },
    "@types/parse-color": {
      "version": "1.0.0",
      "resolved": "https://bnpm.byted.org/@types/parse-color/-/@types/parse-color-1.0.0.tgz",
      "integrity": "sha1-jraFTZpgfhQ/6hrc6lyDK8wriro=",
      "dev": true
    },
    "atob": {
      "version": "2.1.2",
      "resolved": "https://bnpm.byted.org/atob/-/atob-2.1.2.tgz",
      "integrity": "sha1-bZUX654DDSQ2ZmZR6GvZ9vE1M8k="
    },
    "balanced-match": {
      "version": "1.0.2",
      "resolved": "https://bnpm.byted.org/balanced-match/-/balanced-match-1.0.2.tgz",
      "integrity": "sha1-6D46fj8wCzTLnYf2FfoMvzV2kO4="
    },
    "brace-expansion": {
      "version": "1.1.11",
      "resolved": "https://bnpm.byted.org/brace-expansion/-/brace-expansion-1.1.11.tgz",
      "integrity": "sha1-PH/L9SnYcibz0vUrlm/1Jx60Qd0=",
      "requires": {
        "balanced-match": "^1.0.0",
        "concat-map": "0.0.1"
      }
    },
    "color-convert": {
      "version": "2.0.1",
      "resolved": "https://bnpm.byted.org/color-convert/-/color-convert-2.0.1.tgz",
      "integrity": "sha1-ctOmjVmMm9s68q0ehPIdiWq9TeM=",
      "requires": {
        "color-name": "~1.1.4"
      }
    },
    "color-name": {
      "version": "1.1.4",
      "resolved": "https://bnpm.byted.org/color-name/-/color-name-1.1.4.tgz",
      "integrity": "sha1-wqCah6y95pVD3m9j+jmVyCbFNqI="
    },
    "concat-map": {
      "version": "0.0.1",
      "resolved": "https://bnpm.byted.org/concat-map/-/concat-map-0.0.1.tgz",
      "integrity": "sha1-2Klr13/Wjfd5OnMDajug1UBdR3s="
    },
    "css": {
      "version": "2.2.4",
      "resolved": "https://bnpm.byted.org/css/-/css-2.2.4.tgz",
      "integrity": "sha1-xkZ1XHOXHyu6amAeLPL9cbEpiSk=",
      "requires": {
        "inherits": "^2.0.3",
        "source-map": "^0.6.1",
        "source-map-resolve": "^0.5.2",
        "urix": "^0.1.0"
      },
      "dependencies": {
        "source-map": {
          "version": "0.6.1",
          "resolved": "http://bnpm.byted.org/source-map/-/source-map-0.6.1.tgz",
          "integrity": "sha512-UjgapumWlbMhkBgzT7Ykc5YXUT46F0iKu8SGXq0bcwP5dz/h0Plj6enJqjz1Zbq2l5WaqYnrVbwWOWMyF3F47g=="
        }
      }
    },
    "css-parse": {
      "version": "2.0.0",
      "resolved": "https://bnpm.byted.org/css-parse/-/css-parse-2.0.0.tgz",
      "integrity": "sha1-pGjuZnwW2BzPBcWMONKpfHgNv9Q=",
      "requires": {
        "css": "^2.0.0"
      }
    },
    "debug": {
      "version": "3.1.0",
      "resolved": "http://bnpm.byted.org/debug/-/debug-3.1.0.tgz",
      "integrity": "sha512-OX8XqP7/1a9cqkxYw2yXss15f26NKWBpDXQd0/uK/KPqdQhxbPa994hnzjcE2VqQpDslf55723cKPUOGSmMY3g==",
      "requires": {
        "ms": "2.0.0"
      }
    },
    "decode-uri-component": {
      "version": "0.2.2",
      "resolved": "https://registry.npmjs.org/decode-uri-component/-/decode-uri-component-0.2.2.tgz",
      "integrity": "sha512-FqUYQ+8o158GyGTrMFJms9qh3CqTKvAqgqsTnkLI8sKu0028orqBhxNMFkFen0zGyg6epACD32pjVk58ngIErQ=="
    },
    "fs.realpath": {
      "version": "1.0.0",
      "resolved": "https://bnpm.byted.org/fs.realpath/-/fs.realpath-1.0.0.tgz",
      "integrity": "sha1-FQStJSMVjKpA20onh8sBQRmU6k8="
    },
    "glob": {
      "version": "7.1.7",
      "resolved": "https://bnpm.byted.org/glob/-/glob-7.1.7.tgz",
      "integrity": "sha1-Oxk+kjPwHULQs/eClLvutBj5SpA=",
      "requires": {
        "fs.realpath": "^1.0.0",
        "inflight": "^1.0.4",
        "inherits": "2",
        "minimatch": "^3.0.4",
        "once": "^1.3.0",
        "path-is-absolute": "^1.0.0"
      }
    },
    "inflight": {
      "version": "1.0.6",
      "resolved": "https://bnpm.byted.org/inflight/-/inflight-1.0.6.tgz",
      "integrity": "sha1-Sb1jMdfQLQwJvJEKEHW6gWW1bfk=",
      "requires": {
        "once": "^1.3.0",
        "wrappy": "1"
      }
    },
    "inherits": {
      "version": "2.0.4",
      "resolved": "https://bnpm.byted.org/inherits/-/inherits-2.0.4.tgz",
      "integrity": "sha1-D6LGT5MpF8NDOg3tVTY6rjdBa3w="
    },
    "minimatch": {
      "version": "3.0.4",
      "resolved": "https://bnpm.byted.org/minimatch/-/minimatch-3.0.4.tgz",
      "integrity": "sha1-UWbihkV/AzBgZL5Ul+jbsMPTIIM=",
      "requires": {
        "brace-expansion": "^1.1.7"
      }
    },
    "mkdirp": {
      "version": "1.0.4",
      "resolved": "https://bnpm.byted.org/mkdirp/-/mkdirp-1.0.4.tgz",
      "integrity": "sha1-PrXtYmInVteaXw4qIh3+utdcL34="
    },
    "ms": {
      "version": "2.0.0",
      "resolved": "http://bnpm.byted.org/ms/-/ms-2.0.0.tgz",
      "integrity": "sha1-VgiurfwAvmwpAd9fmGF4jeDVl8g="
    },
    "once": {
      "version": "1.4.0",
      "resolved": "https://bnpm.byted.org/once/-/once-1.4.0.tgz",
      "integrity": "sha1-WDsap3WWHUsROsF9nFC6753Xa9E=",
      "requires": {
        "wrappy": "1"
      }
    },
    "parse-color": {
      "version": "1.0.0",
      "resolved": "https://bnpm.byted.org/parse-color/-/parse-color-1.0.0.tgz",
      "integrity": "sha1-e3SLlag/A/FqlPU15S1/PZRlhhk=",
      "requires": {
        "color-convert": "~0.5.0"
      },
      "dependencies": {
        "color-convert": {
          "version": "0.5.3",
          "resolved": "https://bnpm.byted.org/color-convert/-/color-convert-0.5.3.tgz",
          "integrity": "sha1-vbbGnOZg+t/+CwAHzER+G59ygr0="
        }
      }
    },
    "path-is-absolute": {
      "version": "1.0.1",
      "resolved": "https://bnpm.byted.org/path-is-absolute/-/path-is-absolute-1.0.1.tgz",
      "integrity": "sha1-F0uSaHNVNP+8es5r9TpanhtcX18="
    },
    "resolve-url": {
      "version": "0.2.1",
      "resolved": "http://bnpm.byted.org/resolve-url/-/resolve-url-0.2.1.tgz",
      "integrity": "sha1-LGN/53yJOv0qZj/iGqkIAGjiBSo="
    },
    "safer-buffer": {
      "version": "2.1.2",
      "resolved": "https://bnpm.byted.org/safer-buffer/-/safer-buffer-2.1.2.tgz",
      "integrity": "sha1-RPoWGwGHuVSd2Eu5GAL5vYOFzWo="
    },
    "sax": {
      "version": "1.2.4",
      "resolved": "https://bnpm.byted.org/sax/-/sax-1.2.4.tgz",
      "integrity": "sha1-KBYjTiN4vdxOU1T6tcqold9xANk="
    },
    "semver": {
      "version": "6.3.0",
      "resolved": "http://bnpm.byted.org/semver/-/semver-6.3.0.tgz",
      "integrity": "sha512-b39TBaTSfV6yBrapU89p5fKekE2m/NwnDocOVruQFS1/veMgdzuPcnOM34M6CwxW8jH/lxEa5rBoDeUwu5HHTw=="
    },
    "source-map": {
      "version": "0.7.3",
      "resolved": "http://bnpm.byted.org/source-map/-/source-map-0.7.3.tgz",
      "integrity": "sha512-CkCj6giN3S+n9qrYiBTX5gystlENnRW5jZeNLHpe6aue+SrHcG5VYwujhW9s4dY31mEGsxBDrHR6oI69fTXsaQ=="
    },
    "source-map-resolve": {
      "version": "0.5.3",
      "resolved": "http://bnpm.byted.org/source-map-resolve/-/source-map-resolve-0.5.3.tgz",
      "integrity": "sha1-GQhmvs51U+H48mei7oLGBrVQmho=",
      "requires": {
        "atob": "^2.1.2",
        "decode-uri-component": "^0.2.0",
        "resolve-url": "^0.2.1",
        "source-map-url": "^0.4.0",
        "urix": "^0.1.0"
      }
    },
    "source-map-url": {
      "version": "0.4.1",
      "resolved": "http://bnpm.byted.org/source-map-url/-/source-map-url-0.4.1.tgz",
      "integrity": "sha1-CvZmBadFpaL5HPG7+KevvCg97FY="
    },
    "stylus": {
      "version": "0.54.8",
      "resolved": "https://bnpm.byted.org/stylus/-/stylus-0.54.8.tgz",
      "integrity": "sha1-PaPmWWa8Vnp7BEv+DuzmU+CZ0Uc=",
      "requires": {
        "css-parse": "~2.0.0",
        "debug": "~3.1.0",
        "glob": "^7.1.6",
        "mkdirp": "~1.0.4",
        "safer-buffer": "^2.1.2",
        "sax": "~1.2.4",
        "semver": "^6.3.0",
        "source-map": "^0.7.3"
      }
    },
    "typescript": {
      "version": "4.9.3",
      "resolved": "https://registry.npmjs.org/typescript/-/typescript-4.9.3.tgz",
      "integrity": "sha512-CIfGzTelbKNEnLpLdGFgdyKhG23CKdKgQPOBc+OUNrkJ2vr+KSzsSV5kq5iWhEQbok+quxgGzrAtGWCyU7tHnA==",
      "dev": true
    },
    "urix": {
      "version": "0.1.0",
      "resolved": "https://bnpm.byted.org/urix/-/urix-0.1.0.tgz",
      "integrity": "sha1-2pN/emLiH+wf0Y1Js1wpNQZ6bHI="
    },
    "wrappy": {
      "version": "1.0.2",
      "resolved": "https://bnpm.byted.org/wrappy/-/wrappy-1.0.2.tgz",
      "integrity": "sha1-tSQ9jz7BqjXxNkYFvA0QNuMKtp8="
    }
  }
}
